speakeasyVersion: 1.634.2
sources:
    openapi:
        sourceNamespace: openapi
        sourceRevisionDigest: sha256:0f3eb5818b832e0ac39e48a2c99b4dab164b9c99526a3174ae580e42ffbb5343
        sourceBlobDigest: sha256:b9073e29117081ffe42e5ef96630d2990d8e3dad41ef2e01cca0134524adba9e
        tags:
            - latest
            - speakeasy-sdk-regen-1759734786
            - 1.0.0
targets:
    first-target:
        source: openapi
        sourceNamespace: openapi
        sourceRevisionDigest: sha256:916f35ec72323b7de793b9e99cf14fac33e497c7148c84b996d5cbfd69870398
        sourceBlobDigest: sha256:9ed8dd012845981cbfd2fffa608bf33138ca66d764d144933170a6218ca49e99
    typescript:
        source: openapi
        sourceNamespace: openapi
        sourceRevisionDigest: sha256:0f3eb5818b832e0ac39e48a2c99b4dab164b9c99526a3174ae580e42ffbb5343
        sourceBlobDigest: sha256:b9073e29117081ffe42e5ef96630d2990d8e3dad41ef2e01cca0134524adba9e
        codeSamplesNamespace: openapi-typescript-code-samples
        codeSamplesRevisionDigest: sha256:36e14aa4000d768467320b93b9757969c7fc28e6f216e472543f47ae5540e71e
workflow:
    workflowVersion: 1.0.0
    speakeasyVersion: latest
    sources:
        openapi:
            inputs:
                - location: https://gr4vy.github.io/openapi/core/openapi.json
            overlays:
                - location: ./.speakeasy/overlays/servers.yaml
                - location: ./.speakeasy/overlays/security.yaml
                - location: ./.speakeasy/overlays/enums.yaml
                - location: ./.speakeasy/overlays/retries.yaml
                - location: ./.speakeasy/overlays/mid-global.yaml
                - location: ./.speakeasy/overlays/fix-base-model.yaml
                - location: ./.speakeasy/overlays/fix-checkout-session-body.yaml
                - location: ./.speakeasy/overlays/fix-remove-unwanted-headers.yaml
                - location: ./.speakeasy/overlays/fix-add-x-forwarded-for-header.yaml
            registry:
                location: registry.speakeasyapi.dev/gr4vy/gr4vy/openapi
    targets:
        typescript:
            target: typescript
            source: openapi
            publish:
                npm:
                    token: $npm_token
            codeSamples:
                registry:
                    location: registry.speakeasyapi.dev/gr4vy/gr4vy/openapi-typescript-code-samples
                labelOverride:
                    fixedValue: TypeScript
                blocking: false
