speakeasyVersion: 1.654.0
sources:
    openapi:
        sourceNamespace: openapi
        sourceRevisionDigest: sha256:c6ccd8d4a9bc28fd35c0dfa901bf897303fdbf9d46aa3b5e361b781f1a13a6cf
        sourceBlobDigest: sha256:1207936007b7e834457c08dbcd3c194347e2a30ea76dab1536d37eff925490f5
        tags:
            - latest
            - speakeasy-sdk-regen-1762967327
            - 1.0.0
targets:
    first-target:
        source: openapi
        sourceNamespace: openapi
        sourceRevisionDigest: sha256:916f35ec72323b7de793b9e99cf14fac33e497c7148c84b996d5cbfd69870398
        sourceBlobDigest: sha256:9ed8dd012845981cbfd2fffa608bf33138ca66d764d144933170a6218ca49e99
    typescript:
        source: openapi
        sourceNamespace: openapi
        sourceRevisionDigest: sha256:c6ccd8d4a9bc28fd35c0dfa901bf897303fdbf9d46aa3b5e361b781f1a13a6cf
        sourceBlobDigest: sha256:1207936007b7e834457c08dbcd3c194347e2a30ea76dab1536d37eff925490f5
        codeSamplesNamespace: openapi-typescript-code-samples
        codeSamplesRevisionDigest: sha256:d24db63a5733a75fb234d4ee6eaa3cd9b96ce0d35d5d8c0fb8e8c1ce0932e68c
workflow:
    workflowVersion: 1.0.0
    speakeasyVersion: latest
    sources:
        openapi:
            inputs:
                - location: https://gr4vy.github.io/openapi/core/openapi.json
            overlays:
                - location: ./.speakeasy/overlays/servers.yaml
                - location: ./.speakeasy/overlays/security.yaml
                - location: ./.speakeasy/overlays/enums.yaml
                - location: ./.speakeasy/overlays/retries.yaml
                - location: ./.speakeasy/overlays/mid-global.yaml
                - location: ./.speakeasy/overlays/fix-base-model.yaml
                - location: ./.speakeasy/overlays/fix-checkout-session-body.yaml
                - location: ./.speakeasy/overlays/fix-remove-unwanted-headers.yaml
                - location: ./.speakeasy/overlays/fix-add-x-forwarded-for-header.yaml
            registry:
                location: registry.speakeasyapi.dev/gr4vy/gr4vy/openapi
    targets:
        typescript:
            target: typescript
            source: openapi
            publish:
                npm:
                    token: $npm_token
            codeSamples:
                registry:
                    location: registry.speakeasyapi.dev/gr4vy/gr4vy/openapi-typescript-code-samples
                labelOverride:
                    fixedValue: TypeScript
                blocking: false
