speakeasyVersion: 1.678.0
sources:
    openapi:
        sourceNamespace: openapi
        sourceRevisionDigest: sha256:2d359b99442cbe588d133b17a2ca9e0fa5b0218d702cef1b4e9de4b5dcaea581
        sourceBlobDigest: sha256:9a3f16ad330c294e215237e78582b0e0555edb5ec0bcc304cb7e986794e07281
        tags:
            - latest
            - speakeasy-sdk-regen-1765966512
            - 1.0.0
targets:
    first-target:
        source: openapi
        sourceNamespace: openapi
        sourceRevisionDigest: sha256:916f35ec72323b7de793b9e99cf14fac33e497c7148c84b996d5cbfd69870398
        sourceBlobDigest: sha256:9ed8dd012845981cbfd2fffa608bf33138ca66d764d144933170a6218ca49e99
    typescript:
        source: openapi
        sourceNamespace: openapi
        sourceRevisionDigest: sha256:2d359b99442cbe588d133b17a2ca9e0fa5b0218d702cef1b4e9de4b5dcaea581
        sourceBlobDigest: sha256:9a3f16ad330c294e215237e78582b0e0555edb5ec0bcc304cb7e986794e07281
        codeSamplesNamespace: openapi-typescript-code-samples
        codeSamplesRevisionDigest: sha256:f796d34f63a319a9547070845f6951bce777d482a833be196f712aac781c4514
workflow:
    workflowVersion: 1.0.0
    speakeasyVersion: latest
    sources:
        openapi:
            inputs:
                - location: https://gr4vy.github.io/openapi/core/openapi.json
            overlays:
                - location: ./.speakeasy/overlays/servers.yaml
                - location: ./.speakeasy/overlays/security.yaml
                - location: ./.speakeasy/overlays/enums.yaml
                - location: ./.speakeasy/overlays/retries.yaml
                - location: ./.speakeasy/overlays/mid-global.yaml
                - location: ./.speakeasy/overlays/fix-base-model.yaml
                - location: ./.speakeasy/overlays/fix-checkout-session-body.yaml
                - location: ./.speakeasy/overlays/fix-remove-unwanted-headers.yaml
                - location: ./.speakeasy/overlays/fix-add-x-forwarded-for-header.yaml
            registry:
                location: registry.speakeasyapi.dev/gr4vy/gr4vy/openapi
    targets:
        typescript:
            target: typescript
            source: openapi
            publish:
                npm:
                    token: $npm_token
            codeSamples:
                registry:
                    location: registry.speakeasyapi.dev/gr4vy/gr4vy/openapi-typescript-code-samples
                labelOverride:
                    fixedValue: TypeScript
                blocking: false
